
Microsoft Visual Studio Solution File, Format Version 12.00
# Visual Studio Version 16
VisualStudioVersion = 16.0.30204.135
MinimumVisualStudioVersion = 15.0.26124.0
Project("{FAE04EC0-301F-11D3-BF4B-00C04F79EFBC}") = "SerializePeople", "Serialization\SerializePeople.csproj", "{F7D0BE37-2D47-4AEE-8834-572D256B037D}"
EndProject
Project("{FAE04EC0-301F-11D3-BF4B-00C04F79EFBC}") = "SerializePeopleTests", "SerializePeopleTests\SerializePeopleTests.csproj", "{E9288FE6-4D74-474A-8DEC-211FC14FF5F2}"
EndProject
Global
	GlobalSection(SolutionConfigurationPlatforms) = preSolution
		Debug|Any CPU = Debug|Any CPU
		Debug|x64 = Debug|x64
		Debug|x86 = Debug|x86
		Release|Any CPU = Release|Any CPU
		Release|x64 = Release|x64
		Release|x86 = Release|x86
	EndGlobalSection
	GlobalSection(ProjectConfigurationPlatforms) = postSolution
		{F7D0BE37-2D47-4AEE-8834-572D256B037D}.Debug|Any CPU.ActiveCfg = Debug|Any CPU
		{F7D0BE37-2D47-4AEE-8834-572D256B037D}.Debug|Any CPU.Build.0 = Debug|Any CPU
		{F7D0BE37-2D47-4AEE-8834-572D256B037D}.Debug|x64.ActiveCfg = Debug|Any CPU
		{F7D0BE37-2D47-4AEE-8834-572D256B037D}.Debug|x64.Build.0 = Debug|Any CPU
		{F7D0BE37-2D47-4AEE-8834-572D256B037D}.Debug|x86.ActiveCfg = Debug|Any CPU
		{F7D0BE37-2D47-4AEE-8834-572D256B037D}.Debug|x86.Build.0 = Debug|Any CPU
		{F7D0BE37-2D47-4AEE-8834-572D256B037D}.Release|Any CPU.ActiveCfg = Release|Any CPU
		{F7D0BE37-2D47-4AEE-8834-572D256B037D}.Release|Any CPU.Build.0 = Release|Any CPU
		{F7D0BE37-2D47-4AEE-8834-572D256B037D}.Release|x64.ActiveCfg = Release|Any CPU
		{F7D0BE37-2D47-4AEE-8834-572D256B037D}.Release|x64.Build.0 = Release|Any CPU
		{F7D0BE37-2D47-4AEE-8834-572D256B037D}.Release|x86.ActiveCfg = Release|Any CPU
		{F7D0BE37-2D47-4AEE-8834-572D256B037D}.Release|x86.Build.0 = Release|Any CPU
		{E9288FE6-4D74-474A-8DEC-211FC14FF5F2}.Debug|Any CPU.ActiveCfg = Debug|Any CPU
		{E9288FE6-4D74-474A-8DEC-211FC14FF5F2}.Debug|Any CPU.Build.0 = Debug|Any CPU
		{E9288FE6-4D74-474A-8DEC-211FC14FF5F2}.Debug|x64.ActiveCfg = Debug|Any CPU
		{E9288FE6-4D74-474A-8DEC-211FC14FF5F2}.Debug|x64.Build.0 = Debug|Any CPU
		{E9288FE6-4D74-474A-8DEC-211FC14FF5F2}.Debug|x86.ActiveCfg = Debug|Any CPU
		{E9288FE6-4D74-474A-8DEC-211FC14FF5F2}.Debug|x86.Build.0 = Debug|Any CPU
		{E9288FE6-4D74-474A-8DEC-211FC14FF5F2}.Release|Any CPU.ActiveCfg = Release|Any CPU
		{E9288FE6-4D74-474A-8DEC-211FC14FF5F2}.Release|Any CPU.Build.0 = Release|Any CPU
		{E9288FE6-4D74-474A-8DEC-211FC14FF5F2}.Release|x64.ActiveCfg = Release|Any CPU
		{E9288FE6-4D74-474A-8DEC-211FC14FF5F2}.Release|x64.Build.0 = Release|Any CPU
		{E9288FE6-4D74-474A-8DEC-211FC14FF5F2}.Release|x86.ActiveCfg = Release|Any CPU
		{E9288FE6-4D74-474A-8DEC-211FC14FF5F2}.Release|x86.Build.0 = Release|Any CPU
	EndGlobalSection
	GlobalSection(SolutionProperties) = preSolution
		HideSolutionNode = FALSE
	EndGlobalSection
	GlobalSection(ExtensibilityGlobals) = postSolution
		SolutionGuid = {A3B2B5DC-ACB4-4EDD-B968-FD885F4857B0}
	EndGlobalSection
EndGlobal
